
Microsoft Visual Studio Solution File, Format Version 12.00
# Visual Studio 14
VisualStudioVersion = 14.0.23107.0
MinimumVisualStudioVersion = 10.0.40219.1
Project("{F2A71F9B-5D33-465A-A702-920D77279786}") = "Probelm1_MatrixField", "ProjectEulerSolutions\Probelm1_MatrixField.fsproj", "{029DB6C5-A52A-41A9-A263-F1E9766185F9}"
EndProject
Project("{F2A71F9B-5D33-465A-A702-920D77279786}") = "Problem2_MatrixField", "Problem2_MatrixField\Problem2_MatrixField.fsproj", "{CC420F0A-D52D-4011-A4BC-9BF4EDA7302F}"
EndProject
Project("{F2A71F9B-5D33-465A-A702-920D77279786}") = "Problem3_MatrixField", "Problem3_MatrixField\Problem3_MatrixField.fsproj", "{73FFDA6A-2AAD-4B74-8052-3B7DD9E3EA68}"
EndProject
Project("{F2A71F9B-5D33-465A-A702-920D77279786}") = "Problem4_MatrixField", "Problem4_MatrixField\Problem4_MatrixField.fsproj", "{51BA9099-F08B-4E60-A2BB-A47791FA6D21}"
EndProject
Project("{F2A71F9B-5D33-465A-A702-920D77279786}") = "Problem5_MatrixField", "Problem5_MatrixField\Problem5_MatrixField.fsproj", "{BABF7F22-0DDA-4BA3-A8C6-1C805F209E54}"
EndProject
Project("{F2A71F9B-5D33-465A-A702-920D77279786}") = "PlayGround", "PlayGround\PlayGround.fsproj", "{EB3F89CF-B5EE-4E39-BB2A-D4D613771295}"
EndProject
Project("{F2A71F9B-5D33-465A-A702-920D77279786}") = "Problem6_MatrixField", "Problem6_MatrixField\Problem6_MatrixField.fsproj", "{A09EA056-0C56-443F-BC0F-2EE341140279}"
EndProject
Project("{F2A71F9B-5D33-465A-A702-920D77279786}") = "Problem7_MatrixField", "Problem7_MatrixField\Problem7_MatrixField.fsproj", "{0714D8DB-729D-4617-8AA0-6B0D5B4B72A3}"
EndProject
Project("{F2A71F9B-5D33-465A-A702-920D77279786}") = "Misc", "Misc\Misc.fsproj", "{996AC7A2-1702-4F7F-8CDF-BB8088EE65D0}"
EndProject
Project("{F2A71F9B-5D33-465A-A702-920D77279786}") = "Problem8_MatrixField", "Problem8_MatrixField\Problem8_MatrixField.fsproj", "{D819E6AB-812E-4C30-BAC2-4082CCDB75D8}"
EndProject
Project("{F2A71F9B-5D33-465A-A702-920D77279786}") = "Problem9_MatrixField", "Problem9_MatrixField\Problem9_MatrixField.fsproj", "{DF9562D6-C2E0-48AB-AFD0-A443F8A6AC1A}"
EndProject
Project("{F2A71F9B-5D33-465A-A702-920D77279786}") = "Math", "Math\Math.fsproj", "{2FE8847C-89A3-49F4-B4CA-4D30D04A883A}"
EndProject
Project("{F2A71F9B-5D33-465A-A702-920D77279786}") = "Problem10_MatrixField", "Problem10_MatrixField\Problem10_MatrixField.fsproj", "{C1264E5C-B9C2-4B55-8EE4-DF74B41EC318}"
EndProject
Project("{F2A71F9B-5D33-465A-A702-920D77279786}") = "Problem16_MatrixField", "Problem16_MatrixField\Problem16_MatrixField.fsproj", "{06B90235-CD45-48D2-9EE3-CB1B990B503B}"
EndProject
Project("{F2A71F9B-5D33-465A-A702-920D77279786}") = "Problem11_MatrixField", "Problem11_MatrixField\Problem11_MatrixField.fsproj", "{C94605D3-747A-42C8-AFD2-883A761FB020}"
EndProject
Project("{F2A71F9B-5D33-465A-A702-920D77279786}") = "Template", "Template\Template.fsproj", "{DA0A87A6-353C-44B5-B5DB-16FC6D3FD8B8}"
EndProject
Project("{F2A71F9B-5D33-465A-A702-920D77279786}") = "Problem13_MatrixField", "Problem13_MatrixField\Problem13_MatrixField.fsproj", "{3B28A5D0-B64A-4E90-BE9E-06BB7406E95C}"
EndProject
Global
	GlobalSection(SolutionConfigurationPlatforms) = preSolution
		Debug|Any CPU = Debug|Any CPU
		Release|Any CPU = Release|Any CPU
	EndGlobalSection
	GlobalSection(ProjectConfigurationPlatforms) = postSolution
		{029DB6C5-A52A-41A9-A263-F1E9766185F9}.Debug|Any CPU.ActiveCfg = Debug|Any CPU
		{029DB6C5-A52A-41A9-A263-F1E9766185F9}.Debug|Any CPU.Build.0 = Debug|Any CPU
		{029DB6C5-A52A-41A9-A263-F1E9766185F9}.Release|Any CPU.ActiveCfg = Release|Any CPU
		{029DB6C5-A52A-41A9-A263-F1E9766185F9}.Release|Any CPU.Build.0 = Release|Any CPU
		{CC420F0A-D52D-4011-A4BC-9BF4EDA7302F}.Debug|Any CPU.ActiveCfg = Debug|Any CPU
		{CC420F0A-D52D-4011-A4BC-9BF4EDA7302F}.Debug|Any CPU.Build.0 = Debug|Any CPU
		{CC420F0A-D52D-4011-A4BC-9BF4EDA7302F}.Release|Any CPU.ActiveCfg = Release|Any CPU
		{CC420F0A-D52D-4011-A4BC-9BF4EDA7302F}.Release|Any CPU.Build.0 = Release|Any CPU
		{73FFDA6A-2AAD-4B74-8052-3B7DD9E3EA68}.Debug|Any CPU.ActiveCfg = Debug|Any CPU
		{73FFDA6A-2AAD-4B74-8052-3B7DD9E3EA68}.Debug|Any CPU.Build.0 = Debug|Any CPU
		{73FFDA6A-2AAD-4B74-8052-3B7DD9E3EA68}.Release|Any CPU.ActiveCfg = Release|Any CPU
		{73FFDA6A-2AAD-4B74-8052-3B7DD9E3EA68}.Release|Any CPU.Build.0 = Release|Any CPU
		{51BA9099-F08B-4E60-A2BB-A47791FA6D21}.Debug|Any CPU.ActiveCfg = Debug|Any CPU
		{51BA9099-F08B-4E60-A2BB-A47791FA6D21}.Debug|Any CPU.Build.0 = Debug|Any CPU
		{51BA9099-F08B-4E60-A2BB-A47791FA6D21}.Release|Any CPU.ActiveCfg = Release|Any CPU
		{51BA9099-F08B-4E60-A2BB-A47791FA6D21}.Release|Any CPU.Build.0 = Release|Any CPU
		{BABF7F22-0DDA-4BA3-A8C6-1C805F209E54}.Debug|Any CPU.ActiveCfg = Debug|Any CPU
		{BABF7F22-0DDA-4BA3-A8C6-1C805F209E54}.Debug|Any CPU.Build.0 = Debug|Any CPU
		{BABF7F22-0DDA-4BA3-A8C6-1C805F209E54}.Release|Any CPU.ActiveCfg = Release|Any CPU
		{BABF7F22-0DDA-4BA3-A8C6-1C805F209E54}.Release|Any CPU.Build.0 = Release|Any CPU
		{EB3F89CF-B5EE-4E39-BB2A-D4D613771295}.Debug|Any CPU.ActiveCfg = Debug|Any CPU
		{EB3F89CF-B5EE-4E39-BB2A-D4D613771295}.Debug|Any CPU.Build.0 = Debug|Any CPU
		{EB3F89CF-B5EE-4E39-BB2A-D4D613771295}.Release|Any CPU.ActiveCfg = Release|Any CPU
		{EB3F89CF-B5EE-4E39-BB2A-D4D613771295}.Release|Any CPU.Build.0 = Release|Any CPU
		{A09EA056-0C56-443F-BC0F-2EE341140279}.Debug|Any CPU.ActiveCfg = Debug|Any CPU
		{A09EA056-0C56-443F-BC0F-2EE341140279}.Debug|Any CPU.Build.0 = Debug|Any CPU
		{A09EA056-0C56-443F-BC0F-2EE341140279}.Release|Any CPU.ActiveCfg = Release|Any CPU
		{A09EA056-0C56-443F-BC0F-2EE341140279}.Release|Any CPU.Build.0 = Release|Any CPU
		{0714D8DB-729D-4617-8AA0-6B0D5B4B72A3}.Debug|Any CPU.ActiveCfg = Debug|Any CPU
		{0714D8DB-729D-4617-8AA0-6B0D5B4B72A3}.Debug|Any CPU.Build.0 = Debug|Any CPU
		{0714D8DB-729D-4617-8AA0-6B0D5B4B72A3}.Release|Any CPU.ActiveCfg = Release|Any CPU
		{0714D8DB-729D-4617-8AA0-6B0D5B4B72A3}.Release|Any CPU.Build.0 = Release|Any CPU
		{996AC7A2-1702-4F7F-8CDF-BB8088EE65D0}.Debug|Any CPU.ActiveCfg = Debug|Any CPU
		{996AC7A2-1702-4F7F-8CDF-BB8088EE65D0}.Debug|Any CPU.Build.0 = Debug|Any CPU
		{996AC7A2-1702-4F7F-8CDF-BB8088EE65D0}.Release|Any CPU.ActiveCfg = Release|Any CPU
		{996AC7A2-1702-4F7F-8CDF-BB8088EE65D0}.Release|Any CPU.Build.0 = Release|Any CPU
		{D819E6AB-812E-4C30-BAC2-4082CCDB75D8}.Debug|Any CPU.ActiveCfg = Debug|Any CPU
		{D819E6AB-812E-4C30-BAC2-4082CCDB75D8}.Debug|Any CPU.Build.0 = Debug|Any CPU
		{D819E6AB-812E-4C30-BAC2-4082CCDB75D8}.Release|Any CPU.ActiveCfg = Release|Any CPU
		{D819E6AB-812E-4C30-BAC2-4082CCDB75D8}.Release|Any CPU.Build.0 = Release|Any CPU
		{DF9562D6-C2E0-48AB-AFD0-A443F8A6AC1A}.Debug|Any CPU.ActiveCfg = Debug|Any CPU
		{DF9562D6-C2E0-48AB-AFD0-A443F8A6AC1A}.Debug|Any CPU.Build.0 = Debug|Any CPU
		{DF9562D6-C2E0-48AB-AFD0-A443F8A6AC1A}.Release|Any CPU.ActiveCfg = Release|Any CPU
		{DF9562D6-C2E0-48AB-AFD0-A443F8A6AC1A}.Release|Any CPU.Build.0 = Release|Any CPU
		{2FE8847C-89A3-49F4-B4CA-4D30D04A883A}.Debug|Any CPU.ActiveCfg = Debug|Any CPU
		{2FE8847C-89A3-49F4-B4CA-4D30D04A883A}.Debug|Any CPU.Build.0 = Debug|Any CPU
		{2FE8847C-89A3-49F4-B4CA-4D30D04A883A}.Release|Any CPU.ActiveCfg = Release|Any CPU
		{2FE8847C-89A3-49F4-B4CA-4D30D04A883A}.Release|Any CPU.Build.0 = Release|Any CPU
		{C1264E5C-B9C2-4B55-8EE4-DF74B41EC318}.Debug|Any CPU.ActiveCfg = Debug|Any CPU
		{C1264E5C-B9C2-4B55-8EE4-DF74B41EC318}.Debug|Any CPU.Build.0 = Debug|Any CPU
		{C1264E5C-B9C2-4B55-8EE4-DF74B41EC318}.Release|Any CPU.ActiveCfg = Release|Any CPU
		{C1264E5C-B9C2-4B55-8EE4-DF74B41EC318}.Release|Any CPU.Build.0 = Release|Any CPU
		{06B90235-CD45-48D2-9EE3-CB1B990B503B}.Debug|Any CPU.ActiveCfg = Debug|Any CPU
		{06B90235-CD45-48D2-9EE3-CB1B990B503B}.Debug|Any CPU.Build.0 = Debug|Any CPU
		{06B90235-CD45-48D2-9EE3-CB1B990B503B}.Release|Any CPU.ActiveCfg = Release|Any CPU
		{06B90235-CD45-48D2-9EE3-CB1B990B503B}.Release|Any CPU.Build.0 = Release|Any CPU
		{C94605D3-747A-42C8-AFD2-883A761FB020}.Debug|Any CPU.ActiveCfg = Debug|Any CPU
		{C94605D3-747A-42C8-AFD2-883A761FB020}.Debug|Any CPU.Build.0 = Debug|Any CPU
		{C94605D3-747A-42C8-AFD2-883A761FB020}.Release|Any CPU.ActiveCfg = Release|Any CPU
		{C94605D3-747A-42C8-AFD2-883A761FB020}.Release|Any CPU.Build.0 = Release|Any CPU
		{DA0A87A6-353C-44B5-B5DB-16FC6D3FD8B8}.Debug|Any CPU.ActiveCfg = Debug|Any CPU
		{DA0A87A6-353C-44B5-B5DB-16FC6D3FD8B8}.Debug|Any CPU.Build.0 = Debug|Any CPU
		{DA0A87A6-353C-44B5-B5DB-16FC6D3FD8B8}.Release|Any CPU.ActiveCfg = Release|Any CPU
		{DA0A87A6-353C-44B5-B5DB-16FC6D3FD8B8}.Release|Any CPU.Build.0 = Release|Any CPU
		{3B28A5D0-B64A-4E90-BE9E-06BB7406E95C}.Debug|Any CPU.ActiveCfg = Debug|Any CPU
		{3B28A5D0-B64A-4E90-BE9E-06BB7406E95C}.Debug|Any CPU.Build.0 = Debug|Any CPU
		{3B28A5D0-B64A-4E90-BE9E-06BB7406E95C}.Release|Any CPU.ActiveCfg = Release|Any CPU
		{3B28A5D0-B64A-4E90-BE9E-06BB7406E95C}.Release|Any CPU.Build.0 = Release|Any CPU
	EndGlobalSection
	GlobalSection(SolutionProperties) = preSolution
		HideSolutionNode = FALSE
	EndGlobalSection
EndGlobal
