
Microsoft Visual Studio Solution File, Format Version 12.00
# Visual Studio 14
VisualStudioVersion = 14.0.23107.0
MinimumVisualStudioVersion = 10.0.40219.1
Project("{F2A71F9B-5D33-465A-A702-920D77279786}") = "Probelm1_MatrixField", "ProjectEulerSolutions\Probelm1_MatrixField.fsproj", "{029DB6C5-A52A-41A9-A263-F1E9766185F9}"
EndProject
Project("{F2A71F9B-5D33-465A-A702-920D77279786}") = "Problem2_MatrixField", "Problem2_MatrixField\Problem2_MatrixField.fsproj", "{CC420F0A-D52D-4011-A4BC-9BF4EDA7302F}"
EndProject
Project("{F2A71F9B-5D33-465A-A702-920D77279786}") = "Problem3_MatrixField", "Problem3_MatrixField\Problem3_MatrixField.fsproj", "{73FFDA6A-2AAD-4B74-8052-3B7DD9E3EA68}"
EndProject
Project("{F2A71F9B-5D33-465A-A702-920D77279786}") = "Problem4_MatrixField", "Problem4_MatrixField\Problem4_MatrixField.fsproj", "{51BA9099-F08B-4E60-A2BB-A47791FA6D21}"
EndProject
Project("{F2A71F9B-5D33-465A-A702-920D77279786}") = "Problem5_MatrixField", "Problem5_MatrixField\Problem5_MatrixField.fsproj", "{BABF7F22-0DDA-4BA3-A8C6-1C805F209E54}"
EndProject
Project("{F2A71F9B-5D33-465A-A702-920D77279786}") = "PlayGround", "PlayGround\PlayGround.fsproj", "{EB3F89CF-B5EE-4E39-BB2A-D4D613771295}"
EndProject
Project("{F2A71F9B-5D33-465A-A702-920D77279786}") = "Problem6_MatrixField", "Problem6_MatrixField\Problem6_MatrixField.fsproj", "{A09EA056-0C56-443F-BC0F-2EE341140279}"
EndProject
Project("{F2A71F9B-5D33-465A-A702-920D77279786}") = "Problem7_MatrixField", "Problem7_MatrixField\Problem7_MatrixField.fsproj", "{0714D8DB-729D-4617-8AA0-6B0D5B4B72A3}"
EndProject
Project("{F2A71F9B-5D33-465A-A702-920D77279786}") = "Misc", "Misc\Misc.fsproj", "{996AC7A2-1702-4F7F-8CDF-BB8088EE65D0}"
EndProject
Project("{F2A71F9B-5D33-465A-A702-920D77279786}") = "Problem8_MatrixField", "Problem8_MatrixField\Problem8_MatrixField.fsproj", "{D819E6AB-812E-4C30-BAC2-4082CCDB75D8}"
EndProject
Global
	GlobalSection(SolutionConfigurationPlatforms) = preSolution
		Debug|Any CPU = Debug|Any CPU
		Release|Any CPU = Release|Any CPU
	EndGlobalSection
	GlobalSection(ProjectConfigurationPlatforms) = postSolution
		{029DB6C5-A52A-41A9-A263-F1E9766185F9}.Debug|Any CPU.ActiveCfg = Debug|Any CPU
		{029DB6C5-A52A-41A9-A263-F1E9766185F9}.Debug|Any CPU.Build.0 = Debug|Any CPU
		{029DB6C5-A52A-41A9-A263-F1E9766185F9}.Release|Any CPU.ActiveCfg = Release|Any CPU
		{029DB6C5-A52A-41A9-A263-F1E9766185F9}.Release|Any CPU.Build.0 = Release|Any CPU
		{CC420F0A-D52D-4011-A4BC-9BF4EDA7302F}.Debug|Any CPU.ActiveCfg = Debug|Any CPU
		{CC420F0A-D52D-4011-A4BC-9BF4EDA7302F}.Debug|Any CPU.Build.0 = Debug|Any CPU
		{CC420F0A-D52D-4011-A4BC-9BF4EDA7302F}.Release|Any CPU.ActiveCfg = Release|Any CPU
		{CC420F0A-D52D-4011-A4BC-9BF4EDA7302F}.Release|Any CPU.Build.0 = Release|Any CPU
		{73FFDA6A-2AAD-4B74-8052-3B7DD9E3EA68}.Debug|Any CPU.ActiveCfg = Debug|Any CPU
		{73FFDA6A-2AAD-4B74-8052-3B7DD9E3EA68}.Debug|Any CPU.Build.0 = Debug|Any CPU
		{73FFDA6A-2AAD-4B74-8052-3B7DD9E3EA68}.Release|Any CPU.ActiveCfg = Release|Any CPU
		{73FFDA6A-2AAD-4B74-8052-3B7DD9E3EA68}.Release|Any CPU.Build.0 = Release|Any CPU
		{51BA9099-F08B-4E60-A2BB-A47791FA6D21}.Debug|Any CPU.ActiveCfg = Debug|Any CPU
		{51BA9099-F08B-4E60-A2BB-A47791FA6D21}.Debug|Any CPU.Build.0 = Debug|Any CPU
		{51BA9099-F08B-4E60-A2BB-A47791FA6D21}.Release|Any CPU.ActiveCfg = Release|Any CPU
		{51BA9099-F08B-4E60-A2BB-A47791FA6D21}.Release|Any CPU.Build.0 = Release|Any CPU
		{BABF7F22-0DDA-4BA3-A8C6-1C805F209E54}.Debug|Any CPU.ActiveCfg = Debug|Any CPU
		{BABF7F22-0DDA-4BA3-A8C6-1C805F209E54}.Debug|Any CPU.Build.0 = Debug|Any CPU
		{BABF7F22-0DDA-4BA3-A8C6-1C805F209E54}.Release|Any CPU.ActiveCfg = Release|Any CPU
		{BABF7F22-0DDA-4BA3-A8C6-1C805F209E54}.Release|Any CPU.Build.0 = Release|Any CPU
		{EB3F89CF-B5EE-4E39-BB2A-D4D613771295}.Debug|Any CPU.ActiveCfg = Debug|Any CPU
		{EB3F89CF-B5EE-4E39-BB2A-D4D613771295}.Debug|Any CPU.Build.0 = Debug|Any CPU
		{EB3F89CF-B5EE-4E39-BB2A-D4D613771295}.Release|Any CPU.ActiveCfg = Release|Any CPU
		{EB3F89CF-B5EE-4E39-BB2A-D4D613771295}.Release|Any CPU.Build.0 = Release|Any CPU
		{A09EA056-0C56-443F-BC0F-2EE341140279}.Debug|Any CPU.ActiveCfg = Debug|Any CPU
		{A09EA056-0C56-443F-BC0F-2EE341140279}.Debug|Any CPU.Build.0 = Debug|Any CPU
		{A09EA056-0C56-443F-BC0F-2EE341140279}.Release|Any CPU.ActiveCfg = Release|Any CPU
		{A09EA056-0C56-443F-BC0F-2EE341140279}.Release|Any CPU.Build.0 = Release|Any CPU
		{0714D8DB-729D-4617-8AA0-6B0D5B4B72A3}.Debug|Any CPU.ActiveCfg = Debug|Any CPU
		{0714D8DB-729D-4617-8AA0-6B0D5B4B72A3}.Debug|Any CPU.Build.0 = Debug|Any CPU
		{0714D8DB-729D-4617-8AA0-6B0D5B4B72A3}.Release|Any CPU.ActiveCfg = Release|Any CPU
		{0714D8DB-729D-4617-8AA0-6B0D5B4B72A3}.Release|Any CPU.Build.0 = Release|Any CPU
		{996AC7A2-1702-4F7F-8CDF-BB8088EE65D0}.Debug|Any CPU.ActiveCfg = Debug|Any CPU
		{996AC7A2-1702-4F7F-8CDF-BB8088EE65D0}.Debug|Any CPU.Build.0 = Debug|Any CPU
		{996AC7A2-1702-4F7F-8CDF-BB8088EE65D0}.Release|Any CPU.ActiveCfg = Release|Any CPU
		{996AC7A2-1702-4F7F-8CDF-BB8088EE65D0}.Release|Any CPU.Build.0 = Release|Any CPU
		{D819E6AB-812E-4C30-BAC2-4082CCDB75D8}.Debug|Any CPU.ActiveCfg = Debug|Any CPU
		{D819E6AB-812E-4C30-BAC2-4082CCDB75D8}.Debug|Any CPU.Build.0 = Debug|Any CPU
		{D819E6AB-812E-4C30-BAC2-4082CCDB75D8}.Release|Any CPU.ActiveCfg = Release|Any CPU
		{D819E6AB-812E-4C30-BAC2-4082CCDB75D8}.Release|Any CPU.Build.0 = Release|Any CPU
	EndGlobalSection
	GlobalSection(SolutionProperties) = preSolution
		HideSolutionNode = FALSE
	EndGlobalSection
EndGlobal
